// !$*UTF8*$!
{
	archiveVersion = 1;
	classes = {
	};
	objectVersion = 50;
	objects = {

/* Begin PBXBuildFile section */
		04366114A625EB62DCF436AE /* Pods_MarvelAppTests.framework in Frameworks */ = {isa = PBXBuildFile; fileRef = 02E6E3B72DBC8181DA93F2CC /* Pods_MarvelAppTests.framework */; };
		20FF69142EAAF51FAB9C318B /* Pods_MarvelApp.framework in Frameworks */ = {isa = PBXBuildFile; fileRef = 64CF43D67C2B8F693CCF1F7A /* Pods_MarvelApp.framework */; };
		FF7939B121ADA7EB00A20F68 /* AppDelegate.swift in Sources */ = {isa = PBXBuildFile; fileRef = FF7939B021ADA7EB00A20F68 /* AppDelegate.swift */; };
		FF7939B321ADA7EB00A20F68 /* ViewController.swift in Sources */ = {isa = PBXBuildFile; fileRef = FF7939B221ADA7EB00A20F68 /* ViewController.swift */; };
		FF7939B621ADA7EB00A20F68 /* Main.storyboard in Resources */ = {isa = PBXBuildFile; fileRef = FF7939B421ADA7EB00A20F68 /* Main.storyboard */; };
		FF7939B821ADA7EC00A20F68 /* Assets.xcassets in Resources */ = {isa = PBXBuildFile; fileRef = FF7939B721ADA7EC00A20F68 /* Assets.xcassets */; };
		FF7939BB21ADA7EC00A20F68 /* LaunchScreen.storyboard in Resources */ = {isa = PBXBuildFile; fileRef = FF7939B921ADA7EC00A20F68 /* LaunchScreen.storyboard */; };
		FF7939C621ADA7EC00A20F68 /* MarvelAppTests.swift in Sources */ = {isa = PBXBuildFile; fileRef = FF7939C521ADA7EC00A20F68 /* MarvelAppTests.swift */; };
		FF9F2D4C21ADE4C60063093B /* Request.swift in Sources */ = {isa = PBXBuildFile; fileRef = FF9F2D4B21ADE4C60063093B /* Request.swift */; };
		FF9F2D4F21ADE5540063093B /* Parser.swift in Sources */ = {isa = PBXBuildFile; fileRef = FF9F2D4E21ADE5540063093B /* Parser.swift */; };
		FF9F2D5121ADE5C10063093B /* JSONParser.swift in Sources */ = {isa = PBXBuildFile; fileRef = FF9F2D5021ADE5C10063093B /* JSONParser.swift */; };
		FF9F2D5321ADE5E10063093B /* BaseParser.swift in Sources */ = {isa = PBXBuildFile; fileRef = FF9F2D5221ADE5E10063093B /* BaseParser.swift */; };
		FF9F2D5521ADE9CC0063093B /* MarvelRequests.swift in Sources */ = {isa = PBXBuildFile; fileRef = FF9F2D5421ADE9CC0063093B /* MarvelRequests.swift */; };
		FF9F2D5721ADEAA20063093B /* CharacterParser.swift in Sources */ = {isa = PBXBuildFile; fileRef = FF9F2D5621ADEAA20063093B /* CharacterParser.swift */; };
		FF9F2D5A21ADEB110063093B /* MarvelCharacter.swift in Sources */ = {isa = PBXBuildFile; fileRef = FF9F2D5921ADEB110063093B /* MarvelCharacter.swift */; };
		FF9F2D5C21ADEB3C0063093B /* MarvelItem.swift in Sources */ = {isa = PBXBuildFile; fileRef = FF9F2D5B21ADEB3C0063093B /* MarvelItem.swift */; };
		FF9F2D5E21ADEB840063093B /* MarvelStory.swift in Sources */ = {isa = PBXBuildFile; fileRef = FF9F2D5D21ADEB840063093B /* MarvelStory.swift */; };
		FF9F2D6021ADEC200063093B /* MarvelImage.swift in Sources */ = {isa = PBXBuildFile; fileRef = FF9F2D5F21ADEC200063093B /* MarvelImage.swift */; };
/* End PBXBuildFile section */

/* Begin PBXContainerItemProxy section */
		FF7939C221ADA7EC00A20F68 /* PBXContainerItemProxy */ = {
			isa = PBXContainerItemProxy;
			containerPortal = FF7939A521ADA7EB00A20F68 /* Project object */;
			proxyType = 1;
			remoteGlobalIDString = FF7939AC21ADA7EB00A20F68;
			remoteInfo = MarvelApp;
		};
/* End PBXContainerItemProxy section */

/* Begin PBXFileReference section */
		02E6E3B72DBC8181DA93F2CC /* Pods_MarvelAppTests.framework */ = {isa = PBXFileReference; explicitFileType = wrapper.framework; includeInIndex = 0; path = Pods_MarvelAppTests.framework; sourceTree = BUILT_PRODUCTS_DIR; };
		5458622405C4BB02EB1263E3 /* Pods-MarvelAppTests.debug.xcconfig */ = {isa = PBXFileReference; includeInIndex = 1; lastKnownFileType = text.xcconfig; name = "Pods-MarvelAppTests.debug.xcconfig"; path = "Pods/Target Support Files/Pods-MarvelAppTests/Pods-MarvelAppTests.debug.xcconfig"; sourceTree = "<group>"; };
		6261F9B0551B79510FEF72F1 /* Pods-MarvelApp.release.xcconfig */ = {isa = PBXFileReference; includeInIndex = 1; lastKnownFileType = text.xcconfig; name = "Pods-MarvelApp.release.xcconfig"; path = "Pods/Target Support Files/Pods-MarvelApp/Pods-MarvelApp.release.xcconfig"; sourceTree = "<group>"; };
		64CF43D67C2B8F693CCF1F7A /* Pods_MarvelApp.framework */ = {isa = PBXFileReference; explicitFileType = wrapper.framework; includeInIndex = 0; path = Pods_MarvelApp.framework; sourceTree = BUILT_PRODUCTS_DIR; };
		7CD06C74F5E6FE7EF92ED15E /* Pods-MarvelAppTests.release.xcconfig */ = {isa = PBXFileReference; includeInIndex = 1; lastKnownFileType = text.xcconfig; name = "Pods-MarvelAppTests.release.xcconfig"; path = "Pods/Target Support Files/Pods-MarvelAppTests/Pods-MarvelAppTests.release.xcconfig"; sourceTree = "<group>"; };
		AB9BA50A38311EF03C907691 /* Pods-MarvelApp.debug.xcconfig */ = {isa = PBXFileReference; includeInIndex = 1; lastKnownFileType = text.xcconfig; name = "Pods-MarvelApp.debug.xcconfig"; path = "Pods/Target Support Files/Pods-MarvelApp/Pods-MarvelApp.debug.xcconfig"; sourceTree = "<group>"; };
		FF7939AD21ADA7EB00A20F68 /* MarvelApp.app */ = {isa = PBXFileReference; explicitFileType = wrapper.application; includeInIndex = 0; path = MarvelApp.app; sourceTree = BUILT_PRODUCTS_DIR; };
		FF7939B021ADA7EB00A20F68 /* AppDelegate.swift */ = {isa = PBXFileReference; lastKnownFileType = sourcecode.swift; path = AppDelegate.swift; sourceTree = "<group>"; };
		FF7939B221ADA7EB00A20F68 /* ViewController.swift */ = {isa = PBXFileReference; lastKnownFileType = sourcecode.swift; path = ViewController.swift; sourceTree = "<group>"; };
		FF7939B521ADA7EB00A20F68 /* Base */ = {isa = PBXFileReference; lastKnownFileType = file.storyboard; name = Base; path = Base.lproj/Main.storyboard; sourceTree = "<group>"; };
		FF7939B721ADA7EC00A20F68 /* Assets.xcassets */ = {isa = PBXFileReference; lastKnownFileType = folder.assetcatalog; path = Assets.xcassets; sourceTree = "<group>"; };
		FF7939BA21ADA7EC00A20F68 /* Base */ = {isa = PBXFileReference; lastKnownFileType = file.storyboard; name = Base; path = Base.lproj/LaunchScreen.storyboard; sourceTree = "<group>"; };
		FF7939BC21ADA7EC00A20F68 /* Info.plist */ = {isa = PBXFileReference; lastKnownFileType = text.plist.xml; path = Info.plist; sourceTree = "<group>"; };
		FF7939C121ADA7EC00A20F68 /* MarvelAppTests.xctest */ = {isa = PBXFileReference; explicitFileType = wrapper.cfbundle; includeInIndex = 0; path = MarvelAppTests.xctest; sourceTree = BUILT_PRODUCTS_DIR; };
		FF7939C521ADA7EC00A20F68 /* MarvelAppTests.swift */ = {isa = PBXFileReference; lastKnownFileType = sourcecode.swift; path = MarvelAppTests.swift; sourceTree = "<group>"; };
		FF7939C721ADA7EC00A20F68 /* Info.plist */ = {isa = PBXFileReference; lastKnownFileType = text.plist.xml; path = Info.plist; sourceTree = "<group>"; };
		FF9F2D4B21ADE4C60063093B /* Request.swift */ = {isa = PBXFileReference; lastKnownFileType = sourcecode.swift; path = Request.swift; sourceTree = "<group>"; };
		FF9F2D4E21ADE5540063093B /* Parser.swift */ = {isa = PBXFileReference; lastKnownFileType = sourcecode.swift; path = Parser.swift; sourceTree = "<group>"; };
		FF9F2D5021ADE5C10063093B /* JSONParser.swift */ = {isa = PBXFileReference; lastKnownFileType = sourcecode.swift; path = JSONParser.swift; sourceTree = "<group>"; };
		FF9F2D5221ADE5E10063093B /* BaseParser.swift */ = {isa = PBXFileReference; lastKnownFileType = sourcecode.swift; path = BaseParser.swift; sourceTree = "<group>"; };
		FF9F2D5421ADE9CC0063093B /* MarvelRequests.swift */ = {isa = PBXFileReference; lastKnownFileType = sourcecode.swift; path = MarvelRequests.swift; sourceTree = "<group>"; };
		FF9F2D5621ADEAA20063093B /* CharacterParser.swift */ = {isa = PBXFileReference; lastKnownFileType = sourcecode.swift; path = CharacterParser.swift; sourceTree = "<group>"; };
		FF9F2D5921ADEB110063093B /* MarvelCharacter.swift */ = {isa = PBXFileReference; lastKnownFileType = sourcecode.swift; path = MarvelCharacter.swift; sourceTree = "<group>"; };
		FF9F2D5B21ADEB3C0063093B /* MarvelItem.swift */ = {isa = PBXFileReference; lastKnownFileType = sourcecode.swift; path = MarvelItem.swift; sourceTree = "<group>"; };
		FF9F2D5D21ADEB840063093B /* MarvelStory.swift */ = {isa = PBXFileReference; lastKnownFileType = sourcecode.swift; path = MarvelStory.swift; sourceTree = "<group>"; };
		FF9F2D5F21ADEC200063093B /* MarvelImage.swift */ = {isa = PBXFileReference; lastKnownFileType = sourcecode.swift; path = MarvelImage.swift; sourceTree = "<group>"; };
/* End PBXFileReference section */

/* Begin PBXFrameworksBuildPhase section */
		FF7939AA21ADA7EB00A20F68 /* Frameworks */ = {
			isa = PBXFrameworksBuildPhase;
			buildActionMask = 2147483647;
			files = (
				20FF69142EAAF51FAB9C318B /* Pods_MarvelApp.framework in Frameworks */,
			);
			runOnlyForDeploymentPostprocessing = 0;
		};
		FF7939BE21ADA7EC00A20F68 /* Frameworks */ = {
			isa = PBXFrameworksBuildPhase;
			buildActionMask = 2147483647;
			files = (
				04366114A625EB62DCF436AE /* Pods_MarvelAppTests.framework in Frameworks */,
			);
			runOnlyForDeploymentPostprocessing = 0;
		};
/* End PBXFrameworksBuildPhase section */

/* Begin PBXGroup section */
		1DF28DDFC2CECA275BB3B106 /* Pods */ = {
			isa = PBXGroup;
			children = (
				AB9BA50A38311EF03C907691 /* Pods-MarvelApp.debug.xcconfig */,
				6261F9B0551B79510FEF72F1 /* Pods-MarvelApp.release.xcconfig */,
				5458622405C4BB02EB1263E3 /* Pods-MarvelAppTests.debug.xcconfig */,
				7CD06C74F5E6FE7EF92ED15E /* Pods-MarvelAppTests.release.xcconfig */,
			);
			name = Pods;
			sourceTree = "<group>";
		};
		5198BDEA3A88415E01D1C5B3 /* Frameworks */ = {
			isa = PBXGroup;
			children = (
				64CF43D67C2B8F693CCF1F7A /* Pods_MarvelApp.framework */,
				02E6E3B72DBC8181DA93F2CC /* Pods_MarvelAppTests.framework */,
			);
			name = Frameworks;
			sourceTree = "<group>";
		};
		FF7939A421ADA7EB00A20F68 = {
			isa = PBXGroup;
			children = (
				FF7939AF21ADA7EB00A20F68 /* MarvelApp */,
				FF7939C421ADA7EC00A20F68 /* MarvelAppTests */,
				FF7939AE21ADA7EB00A20F68 /* Products */,
				1DF28DDFC2CECA275BB3B106 /* Pods */,
				5198BDEA3A88415E01D1C5B3 /* Frameworks */,
			);
			sourceTree = "<group>";
		};
		FF7939AE21ADA7EB00A20F68 /* Products */ = {
			isa = PBXGroup;
			children = (
				FF7939AD21ADA7EB00A20F68 /* MarvelApp.app */,
				FF7939C121ADA7EC00A20F68 /* MarvelAppTests.xctest */,
			);
			name = Products;
			sourceTree = "<group>";
		};
		FF7939AF21ADA7EB00A20F68 /* MarvelApp */ = {
			isa = PBXGroup;
			children = (
				FF9F2D5821ADEAC50063093B /* Beans */,
				FF9F2D4D21ADE5450063093B /* Parser */,
				FF7939D021ADA86E00A20F68 /* Request */,
				FF7939B021ADA7EB00A20F68 /* AppDelegate.swift */,
				FF7939B221ADA7EB00A20F68 /* ViewController.swift */,
				FF7939B421ADA7EB00A20F68 /* Main.storyboard */,
				FF7939B721ADA7EC00A20F68 /* Assets.xcassets */,
				FF7939B921ADA7EC00A20F68 /* LaunchScreen.storyboard */,
				FF7939BC21ADA7EC00A20F68 /* Info.plist */,
			);
			path = MarvelApp;
			sourceTree = "<group>";
		};
		FF7939C421ADA7EC00A20F68 /* MarvelAppTests */ = {
			isa = PBXGroup;
			children = (
				FF7939C521ADA7EC00A20F68 /* MarvelAppTests.swift */,
				FF7939C721ADA7EC00A20F68 /* Info.plist */,
			);
			path = MarvelAppTests;
			sourceTree = "<group>";
		};
		FF7939D021ADA86E00A20F68 /* Request */ = {
			isa = PBXGroup;
			children = (
				FF9F2D4B21ADE4C60063093B /* Request.swift */,
				FF9F2D5421ADE9CC0063093B /* MarvelRequests.swift */,
			);
			path = Request;
			sourceTree = "<group>";
		};
		FF9F2D4D21ADE5450063093B /* Parser */ = {
			isa = PBXGroup;
			children = (
				FF9F2D4E21ADE5540063093B /* Parser.swift */,
				FF9F2D5021ADE5C10063093B /* JSONParser.swift */,
				FF9F2D5221ADE5E10063093B /* BaseParser.swift */,
				FF9F2D5621ADEAA20063093B /* CharacterParser.swift */,
			);
			path = Parser;
			sourceTree = "<group>";
		};
		FF9F2D5821ADEAC50063093B /* Beans */ = {
			isa = PBXGroup;
			children = (
				FF9F2D5921ADEB110063093B /* MarvelCharacter.swift */,
				FF9F2D5B21ADEB3C0063093B /* MarvelItem.swift */,
				FF9F2D5D21ADEB840063093B /* MarvelStory.swift */,
				FF9F2D5F21ADEC200063093B /* MarvelImage.swift */,
			);
			path = Beans;
			sourceTree = "<group>";
		};
/* End PBXGroup section */

/* Begin PBXNativeTarget section */
		FF7939AC21ADA7EB00A20F68 /* MarvelApp */ = {
			isa = PBXNativeTarget;
			buildConfigurationList = FF7939CA21ADA7EC00A20F68 /* Build configuration list for PBXNativeTarget "MarvelApp" */;
			buildPhases = (
				5FFC4BB5C3D7891C8B626773 /* [CP] Check Pods Manifest.lock */,
				FF7939A921ADA7EB00A20F68 /* Sources */,
				FF7939AA21ADA7EB00A20F68 /* Frameworks */,
				FF7939AB21ADA7EB00A20F68 /* Resources */,
				F548514B825915B7F3094802 /* [CP] Embed Pods Frameworks */,
			);
			buildRules = (
			);
			dependencies = (
			);
			name = MarvelApp;
			productName = MarvelApp;
			productReference = FF7939AD21ADA7EB00A20F68 /* MarvelApp.app */;
			productType = "com.apple.product-type.application";
		};
		FF7939C021ADA7EC00A20F68 /* MarvelAppTests */ = {
			isa = PBXNativeTarget;
			buildConfigurationList = FF7939CD21ADA7EC00A20F68 /* Build configuration list for PBXNativeTarget "MarvelAppTests" */;
			buildPhases = (
				30B46760EFFECA901327DD59 /* [CP] Check Pods Manifest.lock */,
				FF7939BD21ADA7EC00A20F68 /* Sources */,
				FF7939BE21ADA7EC00A20F68 /* Frameworks */,
				FF7939BF21ADA7EC00A20F68 /* Resources */,
			);
			buildRules = (
			);
			dependencies = (
				FF7939C321ADA7EC00A20F68 /* PBXTargetDependency */,
			);
			name = MarvelAppTests;
			productName = MarvelAppTests;
			productReference = FF7939C121ADA7EC00A20F68 /* MarvelAppTests.xctest */;
			productType = "com.apple.product-type.bundle.unit-test";
		};
/* End PBXNativeTarget section */

/* Begin PBXProject section */
		FF7939A521ADA7EB00A20F68 /* Project object */ = {
			isa = PBXProject;
			attributes = {
				LastSwiftUpdateCheck = 1000;
				LastUpgradeCheck = 1000;
				ORGANIZATIONNAME = "Mariam Sadek";
				TargetAttributes = {
					FF7939AC21ADA7EB00A20F68 = {
						CreatedOnToolsVersion = 10.0;
					};
					FF7939C021ADA7EC00A20F68 = {
						CreatedOnToolsVersion = 10.0;
						TestTargetID = FF7939AC21ADA7EB00A20F68;
					};
				};
			};
			buildConfigurationList = FF7939A821ADA7EB00A20F68 /* Build configuration list for PBXProject "MarvelApp" */;
			compatibilityVersion = "Xcode 9.3";
			developmentRegion = en;
			hasScannedForEncodings = 0;
			knownRegions = (
				en,
				Base,
			);
			mainGroup = FF7939A421ADA7EB00A20F68;
			productRefGroup = FF7939AE21ADA7EB00A20F68 /* Products */;
			projectDirPath = "";
			projectRoot = "";
			targets = (
				FF7939AC21ADA7EB00A20F68 /* MarvelApp */,
				FF7939C021ADA7EC00A20F68 /* MarvelAppTests */,
			);
		};
/* End PBXProject section */

/* Begin PBXResourcesBuildPhase section */
		FF7939AB21ADA7EB00A20F68 /* Resources */ = {
			isa = PBXResourcesBuildPhase;
			buildActionMask = 2147483647;
			files = (
				FF7939BB21ADA7EC00A20F68 /* LaunchScreen.storyboard in Resources */,
				FF7939B821ADA7EC00A20F68 /* Assets.xcassets in Resources */,
				FF7939B621ADA7EB00A20F68 /* Main.storyboard in Resources */,
			);
			runOnlyForDeploymentPostprocessing = 0;
		};
		FF7939BF21ADA7EC00A20F68 /* Resources */ = {
			isa = PBXResourcesBuildPhase;
			buildActionMask = 2147483647;
			files = (
			);
			runOnlyForDeploymentPostprocessing = 0;
		};
/* End PBXResourcesBuildPhase section */

/* Begin PBXShellScriptBuildPhase section */
		30B46760EFFECA901327DD59 /* [CP] Check Pods Manifest.lock */ = {
			isa = PBXShellScriptBuildPhase;
			buildActionMask = 2147483647;
			files = (
			);
			inputFileListPaths = (
			);
			inputPaths = (
				"${PODS_PODFILE_DIR_PATH}/Podfile.lock",
				"${PODS_ROOT}/Manifest.lock",
			);
			name = "[CP] Check Pods Manifest.lock";
			outputFileListPaths = (
			);
			outputPaths = (
				"$(DERIVED_FILE_DIR)/Pods-MarvelAppTests-checkManifestLockResult.txt",
			);
			runOnlyForDeploymentPostprocessing = 0;
			shellPath = /bin/sh;
			shellScript = "diff \"${PODS_PODFILE_DIR_PATH}/Podfile.lock\" \"${PODS_ROOT}/Manifest.lock\" > /dev/null\nif [ $? != 0 ] ; then\n    # print error to STDERR\n    echo \"error: The sandbox is not in sync with the Podfile.lock. Run 'pod install' or update your CocoaPods installation.\" >&2\n    exit 1\nfi\n# This output is used by Xcode 'outputs' to avoid re-running this script phase.\necho \"SUCCESS\" > \"${SCRIPT_OUTPUT_FILE_0}\"\n";
			showEnvVarsInLog = 0;
		};
		5FFC4BB5C3D7891C8B626773 /* [CP] Check Pods Manifest.lock */ = {
			isa = PBXShellScriptBuildPhase;
			buildActionMask = 2147483647;
			files = (
			);
			inputFileListPaths = (
			);
			inputPaths = (
				"${PODS_PODFILE_DIR_PATH}/Podfile.lock",
				"${PODS_ROOT}/Manifest.lock",
			);
			name = "[CP] Check Pods Manifest.lock";
			outputFileListPaths = (
			);
			outputPaths = (
				"$(DERIVED_FILE_DIR)/Pods-MarvelApp-checkManifestLockResult.txt",
			);
			runOnlyForDeploymentPostprocessing = 0;
			shellPath = /bin/sh;
			shellScript = "diff \"${PODS_PODFILE_DIR_PATH}/Podfile.lock\" \"${PODS_ROOT}/Manifest.lock\" > /dev/null\nif [ $? != 0 ] ; then\n    # print error to STDERR\n    echo \"error: The sandbox is not in sync with the Podfile.lock. Run 'pod install' or update your CocoaPods installation.\" >&2\n    exit 1\nfi\n# This output is used by Xcode 'outputs' to avoid re-running this script phase.\necho \"SUCCESS\" > \"${SCRIPT_OUTPUT_FILE_0}\"\n";
			showEnvVarsInLog = 0;
		};
		F548514B825915B7F3094802 /* [CP] Embed Pods Frameworks */ = {
			isa = PBXShellScriptBuildPhase;
			buildActionMask = 2147483647;
			files = (
			);
			inputFileListPaths = (
			);
			inputPaths = (
				"${SRCROOT}/Pods/Target Support Files/Pods-MarvelApp/Pods-MarvelApp-frameworks.sh",
				"${BUILT_PRODUCTS_DIR}/CryptoSwift/CryptoSwift.framework",
			);
			name = "[CP] Embed Pods Frameworks";
			outputFileListPaths = (
			);
			outputPaths = (
				"${TARGET_BUILD_DIR}/${FRAMEWORKS_FOLDER_PATH}/CryptoSwift.framework",
			);
			runOnlyForDeploymentPostprocessing = 0;
			shellPath = /bin/sh;
			shellScript = "\"${SRCROOT}/Pods/Target Support Files/Pods-MarvelApp/Pods-MarvelApp-frameworks.sh\"\n";
			showEnvVarsInLog = 0;
		};
/* End PBXShellScriptBuildPhase section */

/* Begin PBXSourcesBuildPhase section */
		FF7939A921ADA7EB00A20F68 /* Sources */ = {
			isa = PBXSourcesBuildPhase;
			buildActionMask = 2147483647;
			files = (
				FF9F2D4F21ADE5540063093B /* Parser.swift in Sources */,
				FF9F2D5321ADE5E10063093B /* BaseParser.swift in Sources */,
				FF9F2D6021ADEC200063093B /* MarvelImage.swift in Sources */,
				FF9F2D5A21ADEB110063093B /* MarvelCharacter.swift in Sources */,
				FF9F2D5C21ADEB3C0063093B /* MarvelItem.swift in Sources */,
				FF9F2D5721ADEAA20063093B /* CharacterParser.swift in Sources */,
				FF9F2D5121ADE5C10063093B /* JSONParser.swift in Sources */,
				FF9F2D5E21ADEB840063093B /* MarvelStory.swift in Sources */,
				FF7939B321ADA7EB00A20F68 /* ViewController.swift in Sources */,
				FF9F2D5521ADE9CC0063093B /* MarvelRequests.swift in Sources */,
				FF9F2D4C21ADE4C60063093B /* Request.swift in Sources */,
				FF7939B121ADA7EB00A20F68 /* AppDelegate.swift in Sources */,
			);
			runOnlyForDeploymentPostprocessing = 0;
		};
		FF7939BD21ADA7EC00A20F68 /* Sources */ = {
			isa = PBXSourcesBuildPhase;
			buildActionMask = 2147483647;
			files = (
				FF7939C621ADA7EC00A20F68 /* MarvelAppTests.swift in Sources */,
			);
			runOnlyForDeploymentPostprocessing = 0;
		};
/* End PBXSourcesBuildPhase section */

/* Begin PBXTargetDependency section */
		FF7939C321ADA7EC00A20F68 /* PBXTargetDependency */ = {
			isa = PBXTargetDependency;
			target = FF7939AC21ADA7EB00A20F68 /* MarvelApp */;
			targetProxy = FF7939C221ADA7EC00A20F68 /* PBXContainerItemProxy */;
		};
/* End PBXTargetDependency section */

/* Begin PBXVariantGroup section */
		FF7939B421ADA7EB00A20F68 /* Main.storyboard */ = {
			isa = PBXVariantGroup;
			children = (
				FF7939B521ADA7EB00A20F68 /* Base */,
			);
			name = Main.storyboard;
			sourceTree = "<group>";
		};
		FF7939B921ADA7EC00A20F68 /* LaunchScreen.storyboard */ = {
			isa = PBXVariantGroup;
			children = (
				FF7939BA21ADA7EC00A20F68 /* Base */,
			);
			name = LaunchScreen.storyboard;
			sourceTree = "<group>";
		};
/* End PBXVariantGroup section */

/* Begin XCBuildConfiguration section */
		FF7939C821ADA7EC00A20F68 /* Debug */ = {
			isa = XCBuildConfiguration;
			buildSettings = {
				ALWAYS_SEARCH_USER_PATHS = NO;
				CLANG_ANALYZER_NONNULL = YES;
				CLANG_ANALYZER_NUMBER_OBJECT_CONVERSION = YES_AGGRESSIVE;
				CLANG_CXX_LANGUAGE_STANDARD = "gnu++14";
				CLANG_CXX_LIBRARY = "libc++";
				CLANG_ENABLE_MODULES = YES;
				CLANG_ENABLE_OBJC_ARC = YES;
				CLANG_ENABLE_OBJC_WEAK = YES;
				CLANG_WARN_BLOCK_CAPTURE_AUTORELEASING = YES;
				CLANG_WARN_BOOL_CONVERSION = YES;
				CLANG_WARN_COMMA = YES;
				CLANG_WARN_CONSTANT_CONVERSION = YES;
				CLANG_WARN_DEPRECATED_OBJC_IMPLEMENTATIONS = YES;
				CLANG_WARN_DIRECT_OBJC_ISA_USAGE = YES_ERROR;
				CLANG_WARN_DOCUMENTATION_COMMENTS = YES;
				CLANG_WARN_EMPTY_BODY = YES;
				CLANG_WARN_ENUM_CONVERSION = YES;
				CLANG_WARN_INFINITE_RECURSION = YES;
				CLANG_WARN_INT_CONVERSION = YES;
				CLANG_WARN_NON_LITERAL_NULL_CONVERSION = YES;
				CLANG_WARN_OBJC_IMPLICIT_RETAIN_SELF = YES;
				CLANG_WARN_OBJC_LITERAL_CONVERSION = YES;
				CLANG_WARN_OBJC_ROOT_CLASS = YES_ERROR;
				CLANG_WARN_RANGE_LOOP_ANALYSIS = YES;
				CLANG_WARN_STRICT_PROTOTYPES = YES;
				CLANG_WARN_SUSPICIOUS_MOVE = YES;
				CLANG_WARN_UNGUARDED_AVAILABILITY = YES_AGGRESSIVE;
				CLANG_WARN_UNREACHABLE_CODE = YES;
				CLANG_WARN__DUPLICATE_METHOD_MATCH = YES;
				CODE_SIGN_IDENTITY = "iPhone Developer";
				COPY_PHASE_STRIP = NO;
				DEBUG_INFORMATION_FORMAT = dwarf;
				ENABLE_STRICT_OBJC_MSGSEND = YES;
				ENABLE_TESTABILITY = YES;
				GCC_C_LANGUAGE_STANDARD = gnu11;
				GCC_DYNAMIC_NO_PIC = NO;
				GCC_NO_COMMON_BLOCKS = YES;
				GCC_OPTIMIZATION_LEVEL = 0;
				GCC_PREPROCESSOR_DEFINITIONS = (
					"DEBUG=1",
					"$(inherited)",
				);
				GCC_WARN_64_TO_32_BIT_CONVERSION = YES;
				GCC_WARN_ABOUT_RETURN_TYPE = YES_ERROR;
				GCC_WARN_UNDECLARED_SELECTOR = YES;
				GCC_WARN_UNINITIALIZED_AUTOS = YES_AGGRESSIVE;
				GCC_WARN_UNUSED_FUNCTION = YES;
				GCC_WARN_UNUSED_VARIABLE = YES;
				IPHONEOS_DEPLOYMENT_TARGET = 12.0;
				MTL_ENABLE_DEBUG_INFO = INCLUDE_SOURCE;
				MTL_FAST_MATH = YES;
				ONLY_ACTIVE_ARCH = YES;
				SDKROOT = iphoneos;
				SWIFT_ACTIVE_COMPILATION_CONDITIONS = DEBUG;
				SWIFT_OPTIMIZATION_LEVEL = "-Onone";
			};
			name = Debug;
		};
		FF7939C921ADA7EC00A20F68 /* Release */ = {
			isa = XCBuildConfiguration;
			buildSettings = {
				ALWAYS_SEARCH_USER_PATHS = NO;
				CLANG_ANALYZER_NONNULL = YES;
				CLANG_ANALYZER_NUMBER_OBJECT_CONVERSION = YES_AGGRESSIVE;
				CLANG_CXX_LANGUAGE_STANDARD = "gnu++14";
				CLANG_CXX_LIBRARY = "libc++";
				CLANG_ENABLE_MODULES = YES;
				CLANG_ENABLE_OBJC_ARC = YES;
				CLANG_ENABLE_OBJC_WEAK = YES;
				CLANG_WARN_BLOCK_CAPTURE_AUTORELEASING = YES;
				CLANG_WARN_BOOL_CONVERSION = YES;
				CLANG_WARN_COMMA = YES;
				CLANG_WARN_CONSTANT_CONVERSION = YES;
				CLANG_WARN_DEPRECATED_OBJC_IMPLEMENTATIONS = YES;
				CLANG_WARN_DIRECT_OBJC_ISA_USAGE = YES_ERROR;
				CLANG_WARN_DOCUMENTATION_COMMENTS = YES;
				CLANG_WARN_EMPTY_BODY = YES;
				CLANG_WARN_ENUM_CONVERSION = YES;
				CLANG_WARN_INFINITE_RECURSION = YES;
				CLANG_WARN_INT_CONVERSION = YES;
				CLANG_WARN_NON_LITERAL_NULL_CONVERSION = YES;
				CLANG_WARN_OBJC_IMPLICIT_RETAIN_SELF = YES;
				CLANG_WARN_OBJC_LITERAL_CONVERSION = YES;
				CLANG_WARN_OBJC_ROOT_CLASS = YES_ERROR;
				CLANG_WARN_RANGE_LOOP_ANALYSIS = YES;
				CLANG_WARN_STRICT_PROTOTYPES = YES;
				CLANG_WARN_SUSPICIOUS_MOVE = YES;
				CLANG_WARN_UNGUARDED_AVAILABILITY = YES_AGGRESSIVE;
				CLANG_WARN_UNREACHABLE_CODE = YES;
				CLANG_WARN__DUPLICATE_METHOD_MATCH = YES;
				CODE_SIGN_IDENTITY = "iPhone Developer";
				COPY_PHASE_STRIP = NO;
				DEBUG_INFORMATION_FORMAT = "dwarf-with-dsym";
				ENABLE_NS_ASSERTIONS = NO;
				ENABLE_STRICT_OBJC_MSGSEND = YES;
				GCC_C_LANGUAGE_STANDARD = gnu11;
				GCC_NO_COMMON_BLOCKS = YES;
				GCC_WARN_64_TO_32_BIT_CONVERSION = YES;
				GCC_WARN_ABOUT_RETURN_TYPE = YES_ERROR;
				GCC_WARN_UNDECLARED_SELECTOR = YES;
				GCC_WARN_UNINITIALIZED_AUTOS = YES_AGGRESSIVE;
				GCC_WARN_UNUSED_FUNCTION = YES;
				GCC_WARN_UNUSED_VARIABLE = YES;
				IPHONEOS_DEPLOYMENT_TARGET = 12.0;
				MTL_ENABLE_DEBUG_INFO = NO;
				MTL_FAST_MATH = YES;
				SDKROOT = iphoneos;
				SWIFT_COMPILATION_MODE = wholemodule;
				SWIFT_OPTIMIZATION_LEVEL = "-O";
				VALIDATE_PRODUCT = YES;
			};
			name = Release;
		};
		FF7939CB21ADA7EC00A20F68 /* Debug */ = {
			isa = XCBuildConfiguration;
			baseConfigurationReference = AB9BA50A38311EF03C907691 /* Pods-MarvelApp.debug.xcconfig */;
			buildSettings = {
				ASSETCATALOG_COMPILER_APPICON_NAME = AppIcon;
				CODE_SIGN_STYLE = Automatic;
				INFOPLIST_FILE = MarvelApp/Info.plist;
				LD_RUNPATH_SEARCH_PATHS = (
					"$(inherited)",
					"@executable_path/Frameworks",
				);
				PRODUCT_BUNDLE_IDENTIFIER = com.mariam.MarvelApp;
				PRODUCT_NAME = "$(TARGET_NAME)";
				SWIFT_VERSION = 4.2;
				TARGETED_DEVICE_FAMILY = "1,2";
			};
			name = Debug;
		};
		FF7939CC21ADA7EC00A20F68 /* Release */ = {
			isa = XCBuildConfiguration;
			baseConfigurationReference = 6261F9B0551B79510FEF72F1 /* Pods-MarvelApp.release.xcconfig */;
			buildSettings = {
				ASSETCATALOG_COMPILER_APPICON_NAME = AppIcon;
				CODE_SIGN_STYLE = Automatic;
				INFOPLIST_FILE = MarvelApp/Info.plist;
				LD_RUNPATH_SEARCH_PATHS = (
					"$(inherited)",
					"@executable_path/Frameworks",
				);
				PRODUCT_BUNDLE_IDENTIFIER = com.mariam.MarvelApp;
				PRODUCT_NAME = "$(TARGET_NAME)";
				SWIFT_VERSION = 4.2;
				TARGETED_DEVICE_FAMILY = "1,2";
			};
			name = Release;
		};
		FF7939CE21ADA7EC00A20F68 /* Debug */ = {
			isa = XCBuildConfiguration;
			baseConfigurationReference = 5458622405C4BB02EB1263E3 /* Pods-MarvelAppTests.debug.xcconfig */;
			buildSettings = {
				ALWAYS_EMBED_SWIFT_STANDARD_LIBRARIES = YES;
				BUNDLE_LOADER = "$(TEST_HOST)";
				CODE_SIGN_STYLE = Automatic;
				INFOPLIST_FILE = MarvelAppTests/Info.plist;
				LD_RUNPATH_SEARCH_PATHS = (
					"$(inherited)",
					"@executable_path/Frameworks",
					"@loader_path/Frameworks",
				);
				PRODUCT_BUNDLE_IDENTIFIER = com.mariam.MarvelAppTests;
				PRODUCT_NAME = "$(TARGET_NAME)";
				SWIFT_VERSION = 4.2;
				TARGETED_DEVICE_FAMILY = "1,2";
				TEST_HOST = "$(BUILT_PRODUCTS_DIR)/MarvelApp.app/MarvelApp";
			};
			name = Debug;
		};
		FF7939CF21ADA7EC00A20F68 /* Release */ = {
			isa = XCBuildConfiguration;
			baseConfigurationReference = 7CD06C74F5E6FE7EF92ED15E /* Pods-MarvelAppTests.release.xcconfig */;
			buildSettings = {
				ALWAYS_EMBED_SWIFT_STANDARD_LIBRARIES = YES;
				BUNDLE_LOADER = "$(TEST_HOST)";
				CODE_SIGN_STYLE = Automatic;
				INFOPLIST_FILE = MarvelAppTests/Info.plist;
				LD_RUNPATH_SEARCH_PATHS = (
					"$(inherited)",
					"@executable_path/Frameworks",
					"@loader_path/Frameworks",
				);
				PRODUCT_BUNDLE_IDENTIFIER = com.mariam.MarvelAppTests;
				PRODUCT_NAME = "$(TARGET_NAME)";
				SWIFT_VERSION = 4.2;
				TARGETED_DEVICE_FAMILY = "1,2";
				TEST_HOST = "$(BUILT_PRODUCTS_DIR)/MarvelApp.app/MarvelApp";
			};
			name = Release;
		};
/* End XCBuildConfiguration section */

/* Begin XCConfigurationList section */
		FF7939A821ADA7EB00A20F68 /* Build configuration list for PBXProject "MarvelApp" */ = {
			isa = XCConfigurationList;
			buildConfigurations = (
				FF7939C821ADA7EC00A20F68 /* Debug */,
				FF7939C921ADA7EC00A20F68 /* Release */,
			);
			defaultConfigurationIsVisible = 0;
			defaultConfigurationName = Release;
		};
		FF7939CA21ADA7EC00A20F68 /* Build configuration list for PBXNativeTarget "MarvelApp" */ = {
			isa = XCConfigurationList;
			buildConfigurations = (
				FF7939CB21ADA7EC00A20F68 /* Debug */,
				FF7939CC21ADA7EC00A20F68 /* Release */,
			);
			defaultConfigurationIsVisible = 0;
			defaultConfigurationName = Release;
		};
		FF7939CD21ADA7EC00A20F68 /* Build configuration list for PBXNativeTarget "MarvelAppTests" */ = {
			isa = XCConfigurationList;
			buildConfigurations = (
				FF7939CE21ADA7EC00A20F68 /* Debug */,
				FF7939CF21ADA7EC00A20F68 /* Release */,
			);
			defaultConfigurationIsVisible = 0;
			defaultConfigurationName = Release;
		};
/* End XCConfigurationList section */
	};
	rootObject = FF7939A521ADA7EB00A20F68 /* Project object */;
}
